
Microsoft Visual Studio Solution File, Format Version 12.00
# Visual Studio 15
VisualStudioVersion = 15.0.26730.16
MinimumVisualStudioVersion = 10.0.40219.1
Project("{FAE04EC0-301F-11D3-BF4B-00C04F79EFBC}") = "Example", "Example\Example.csproj", "{4A02B8B1-EDC9-4412-900D-0503CD2984C9}"
EndProject
Project("{FAE04EC0-301F-11D3-BF4B-00C04F79EFBC}") = "UnitTest", "UnitTest\UnitTest.csproj", "{8D044A51-A9DE-426A-8A4B-1D0301246CB9}"
EndProject
Project("{FAE04EC0-301F-11D3-BF4B-00C04F79EFBC}") = "Netfluid.Dns", "Netfluid.Dns\Netfluid.Dns.csproj", "{316796BD-C268-4182-9E79-9F85E91F67FA}"
EndProject
Project("{9A19103F-16F7-4668-BE54-9A1E7A4F7556}") = "Netfluid.Dns.Core", "Netfluid.Dns.Core\Netfluid.Dns.Core.csproj", "{64F308B9-EBF0-4AC8-AA8B-103CBD6DB209}"
EndProject
Global
	GlobalSection(SolutionConfigurationPlatforms) = preSolution
		Debug|Any CPU = Debug|Any CPU
		Release|Any CPU = Release|Any CPU
	EndGlobalSection
	GlobalSection(ProjectConfigurationPlatforms) = postSolution
		{4A02B8B1-EDC9-4412-900D-0503CD2984C9}.Debug|Any CPU.ActiveCfg = Debug|Any CPU
		{4A02B8B1-EDC9-4412-900D-0503CD2984C9}.Debug|Any CPU.Build.0 = Debug|Any CPU
		{4A02B8B1-EDC9-4412-900D-0503CD2984C9}.Release|Any CPU.ActiveCfg = Release|Any CPU
		{4A02B8B1-EDC9-4412-900D-0503CD2984C9}.Release|Any CPU.Build.0 = Release|Any CPU
		{8D044A51-A9DE-426A-8A4B-1D0301246CB9}.Debug|Any CPU.ActiveCfg = Debug|Any CPU
		{8D044A51-A9DE-426A-8A4B-1D0301246CB9}.Debug|Any CPU.Build.0 = Debug|Any CPU
		{8D044A51-A9DE-426A-8A4B-1D0301246CB9}.Release|Any CPU.ActiveCfg = Release|Any CPU
		{8D044A51-A9DE-426A-8A4B-1D0301246CB9}.Release|Any CPU.Build.0 = Release|Any CPU
		{316796BD-C268-4182-9E79-9F85E91F67FA}.Debug|Any CPU.ActiveCfg = Debug|Any CPU
		{316796BD-C268-4182-9E79-9F85E91F67FA}.Debug|Any CPU.Build.0 = Debug|Any CPU
		{316796BD-C268-4182-9E79-9F85E91F67FA}.Release|Any CPU.ActiveCfg = Release|Any CPU
		{316796BD-C268-4182-9E79-9F85E91F67FA}.Release|Any CPU.Build.0 = Release|Any CPU
		{64F308B9-EBF0-4AC8-AA8B-103CBD6DB209}.Debug|Any CPU.ActiveCfg = Debug|Any CPU
		{64F308B9-EBF0-4AC8-AA8B-103CBD6DB209}.Debug|Any CPU.Build.0 = Debug|Any CPU
		{64F308B9-EBF0-4AC8-AA8B-103CBD6DB209}.Release|Any CPU.ActiveCfg = Release|Any CPU
		{64F308B9-EBF0-4AC8-AA8B-103CBD6DB209}.Release|Any CPU.Build.0 = Release|Any CPU
	EndGlobalSection
	GlobalSection(SolutionProperties) = preSolution
		HideSolutionNode = FALSE
	EndGlobalSection
	GlobalSection(ExtensibilityGlobals) = postSolution
		SolutionGuid = {F0DDCC84-6B34-46DD-AC61-EA6851E15760}
	EndGlobalSection
EndGlobal
